
Microsoft Visual Studio Solution File, Format Version 12.00
# Visual Studio Version 17
VisualStudioVersion = 17.14.36518.9
MinimumVisualStudioVersion = 10.0.40219.1
Project("{2150E333-8FDC-42A3-9474-1A3956D46DE8}") = "Task0", "Task0", "{02EA681E-C7D8-13C7-8484-4AC65E1B71E8}"
EndProject
Project("{FAE04EC0-301F-11D3-BF4B-00C04F79EFBC}") = "Tyuiu.NazarovSV.Sprint3.Task0.V29", "Tyuiu.NazarovSV.Sprint3.Task0.V29\Tyuiu.NazarovSV.Sprint3.Task0.V29.csproj", "{9CD4FA89-1AE1-4F86-9E9F-A4A9273F428D}"
EndProject
Project("{FAE04EC0-301F-11D3-BF4B-00C04F79EFBC}") = "Tyuiu.NazarovSV.Sprint3.Task0.V29.Test", "Tyuiu.NazarovSV.Sprint3.Task0.V29.Test\Tyuiu.NazarovSV.Sprint3.Task0.V29.Test.csproj", "{591F9EB0-FCD0-4CF9-A7D2-92CFA0287E66}"
EndProject
Project("{FAE04EC0-301F-11D3-BF4B-00C04F79EFBC}") = "Tyuiu.NazarovSV.Sprint3.Task0.V29.Lib", "Tyuiu.NazarovSV.Sprint3.Task0.V29.Lib\Tyuiu.NazarovSV.Sprint3.Task0.V29.Lib.csproj", "{2DE72889-E639-42D7-95EB-657265289EF2}"
EndProject
Project("{2150E333-8FDC-42A3-9474-1A3956D46DE8}") = "Task1", "Task1", "{F476B831-DF28-42D3-BBCF-02E34C94961C}"
EndProject
Project("{FAE04EC0-301F-11D3-BF4B-00C04F79EFBC}") = "Tyuiu.NazarovSV.Sprint3.Task1.V2", "Tyuiu.NazarovSV.Sprint3.Task1.V2\Tyuiu.NazarovSV.Sprint3.Task1.V2.csproj", "{A4338382-62CC-445C-958C-84D9D82FE3C3}"
EndProject
Project("{FAE04EC0-301F-11D3-BF4B-00C04F79EFBC}") = "Tyuiu.NazarovSV.Sprint3.Task1.V2.Lib", "Tyuiu.NazarovSV.Sprint3.Task1.V2.Lib\Tyuiu.NazarovSV.Sprint3.Task1.V2.Lib.csproj", "{A6B6368D-DF6B-4572-94D2-0BBA1FEEDFCE}"
EndProject
Project("{FAE04EC0-301F-11D3-BF4B-00C04F79EFBC}") = "Tyuiu.NazarovSV.Sprint3.Task1.V2.Test", "Tyuiu.NazarovSV.Sprint3.Task1.V2.Test\Tyuiu.NazarovSV.Sprint3.Task1.V2.Test.csproj", "{BF3033DB-CC6F-4E72-94D9-25A7B63D5C68}"
EndProject
Project("{2150E333-8FDC-42A3-9474-1A3956D46DE8}") = "Task2", "Task2", "{539D2979-0DD8-4B22-B5D4-8BFF04F914A5}"
EndProject
Project("{FAE04EC0-301F-11D3-BF4B-00C04F79EFBC}") = "Tyuiu.NazarovSV.Sprint3.Task2.V22", "Tyuiu.NazarovSV.Sprint3.Task2.V22\Tyuiu.NazarovSV.Sprint3.Task2.V22.csproj", "{86275230-F1E3-425C-888A-47C7BA6915D5}"
EndProject
Project("{FAE04EC0-301F-11D3-BF4B-00C04F79EFBC}") = "Tyuiu.NazarovSV.Sprint3.Task2.V22.Lib", "Tyuiu.NazarovSV.Sprint3.Task2.V22.Lib\Tyuiu.NazarovSV.Sprint3.Task2.V22.Lib.csproj", "{AF163CD1-9587-42DB-8692-2DAA295E2254}"
EndProject
Project("{FAE04EC0-301F-11D3-BF4B-00C04F79EFBC}") = "Tyuiu.NazarovSV.Sprint3.Task2.V22.Test", "Tyuiu.NazarovSV.Sprint3.Task2.V22.Test\Tyuiu.NazarovSV.Sprint3.Task2.V22.Test.csproj", "{7B0178A2-3E10-46C5-9158-005797069EB8}"
EndProject
Project("{2150E333-8FDC-42A3-9474-1A3956D46DE8}") = "task3", "task3", "{86796A8F-7B5A-4A11-8E35-B5ACAE53C7CC}"
EndProject
Project("{FAE04EC0-301F-11D3-BF4B-00C04F79EFBC}") = "Tyuiu.NazarovSV.Sprint3.Task3.V7", "Tyuiu.NazarovSV.Sprint3.Task3.V7\Tyuiu.NazarovSV.Sprint3.Task3.V7.csproj", "{FEEE7642-C23D-438E-9010-F8F257E4FC67}"
EndProject
Project("{FAE04EC0-301F-11D3-BF4B-00C04F79EFBC}") = "Tyuiu.NazarovSV.Sprint3.Task3.V7.Lib", "Tyuiu.NazarovSV.Sprint3.Task3.V7.Lib\Tyuiu.NazarovSV.Sprint3.Task3.V7.Lib.csproj", "{465164C5-DA3A-4305-8307-1CECD81ADE90}"
EndProject
Project("{FAE04EC0-301F-11D3-BF4B-00C04F79EFBC}") = "Tyuiu.NazarovSV.Sprint3.Task3.V7.Test", "Tyuiu.NazarovSV.Sprint3.Task3.V7.Test\Tyuiu.NazarovSV.Sprint3.Task3.V7.Test.csproj", "{FA281EDD-FBD7-4E83-9241-BB543EB42061}"
EndProject
Project("{FAE04EC0-301F-11D3-BF4B-00C04F79EFBC}") = "ConsoleApp2", "ConsoleApp2\ConsoleApp2.csproj", "{19EC2C2F-25B1-4792-81C1-CFB30B678C17}"
EndProject
Project("{2150E333-8FDC-42A3-9474-1A3956D46DE8}") = "Task4", "Task4", "{F1958C2A-609A-4EC2-B71A-8712564D248B}"
EndProject
Project("{FAE04EC0-301F-11D3-BF4B-00C04F79EFBC}") = "Tyuiu.NazarovSV.Sprint3.Task4.V12", "Tyuiu.NazarovSV.Sprint3.Task4.V12\Tyuiu.NazarovSV.Sprint3.Task4.V12.csproj", "{8540152B-8722-4ACF-9C33-337444646FE3}"
EndProject
Project("{FAE04EC0-301F-11D3-BF4B-00C04F79EFBC}") = "Tyuiu.NazarovSV.Sprint3.Task4.V12.Lib", "Tyuiu.NazarovSV.Sprint3.Task4.V12.Lib\Tyuiu.NazarovSV.Sprint3.Task4.V12.Lib.csproj", "{19E5ED49-E281-484C-BE76-3EDA40238719}"
EndProject
Project("{FAE04EC0-301F-11D3-BF4B-00C04F79EFBC}") = "Tyuiu.NazarovSV.Sprint3.Task4.V12.Test", "Tyuiu.NazarovSV.Sprint3.Task4.V12.Test\Tyuiu.NazarovSV.Sprint3.Task4.V12.Test.csproj", "{3B42B6F9-B7CF-44BB-B084-005DFA1F4BD6}"
EndProject
Project("{2150E333-8FDC-42A3-9474-1A3956D46DE8}") = "Task5", "Task5", "{C7BC2B9F-09A9-464E-9017-C202A746909B}"
EndProject
Project("{FAE04EC0-301F-11D3-BF4B-00C04F79EFBC}") = "Tyuiu.NazarovSV.Sprint3.Task5.V28", "Tyuiu.NazarovSV.Sprint3.Task5.V28\Tyuiu.NazarovSV.Sprint3.Task5.V28.csproj", "{7249F0E2-1A15-4354-8E93-1CA1DD46FE72}"
EndProject
Project("{FAE04EC0-301F-11D3-BF4B-00C04F79EFBC}") = "Tyuiu.NazarovSV.Sprint3.Task5.V28.Lib", "Tyuiu.NazarovSV.Sprint3.Task5.V28.Lib\Tyuiu.NazarovSV.Sprint3.Task5.V28.Lib.csproj", "{B91092DB-516D-4738-984F-B12AF14CD3F9}"
EndProject
Project("{FAE04EC0-301F-11D3-BF4B-00C04F79EFBC}") = "Tyuiu.NazarovSV.Sprint3.Task5.V28.Test", "Tyuiu.NazarovSV.Sprint3.Task5.V28.Test\Tyuiu.NazarovSV.Sprint3.Task5.V28.Test.csproj", "{070247A7-7396-481B-9028-2D39E14D6491}"
EndProject
Project("{2150E333-8FDC-42A3-9474-1A3956D46DE8}") = "Task6", "Task6", "{EDA469D1-A96C-4DDF-884B-7F4C70D0A6FA}"
EndProject
Project("{FAE04EC0-301F-11D3-BF4B-00C04F79EFBC}") = "Tyuiu.NazarovSV.Sprint3.Task6.V18", "Tyuiu.NazarovSV.Sprint3.Task6.V18\Tyuiu.NazarovSV.Sprint3.Task6.V18.csproj", "{066F6186-725D-4625-8A75-C96F27AE16A5}"
EndProject
Project("{FAE04EC0-301F-11D3-BF4B-00C04F79EFBC}") = "Tyuiu.NazarovSV.Sprint3.Task6.V18.Lib", "Tyuiu.NazarovSV.Sprint3.Task6.V18.Lib\Tyuiu.NazarovSV.Sprint3.Task6.V18.Lib.csproj", "{D8FB076B-F9C3-4894-B756-5A35CB2657E4}"
EndProject
Project("{FAE04EC0-301F-11D3-BF4B-00C04F79EFBC}") = "Tyuiu.NazarovSV.Sprint3.Task6.V18.Test", "Tyuiu.NazarovSV.Sprint3.Task6.V18.Test\Tyuiu.NazarovSV.Sprint3.Task6.V18.Test.csproj", "{AB16272F-72D7-4BD9-B5CF-9AB80DD33BE9}"
EndProject
Project("{2150E333-8FDC-42A3-9474-1A3956D46DE8}") = "Task7", "Task7", "{2D1ECA14-1DCC-4B92-8D45-2D1717F8CCB2}"
EndProject
Project("{FAE04EC0-301F-11D3-BF4B-00C04F79EFBC}") = "Tyuiu.NazarovSV.Sprint3.Task7.V26", "Tyuiu.NazarovSV.Sprint3.Task7.V26\Tyuiu.NazarovSV.Sprint3.Task7.V26.csproj", "{35157828-9C03-4893-B58C-8A83475B29D2}"
EndProject
Project("{FAE04EC0-301F-11D3-BF4B-00C04F79EFBC}") = "Tyuiu.NazarovSV.Sprint3.Task7.V26.Lib", "Tyuiu.NazarovSV.Sprint3.Task7.V26.Lib\Tyuiu.NazarovSV.Sprint3.Task7.V26.Lib.csproj", "{DF5749BE-A82D-4F7B-BC0A-288B8CD5EDF8}"
EndProject
Project("{FAE04EC0-301F-11D3-BF4B-00C04F79EFBC}") = "Tyuiu.NazarovSV.Sprint3.Task7.V26.Test", "Tyuiu.NazarovSV.Sprint3.Task7.V26.Test\Tyuiu.NazarovSV.Sprint3.Task7.V26.Test.csproj", "{E13A2F7D-D67D-4B8C-9908-3CE26B625F3F}"
EndProject
Global
	GlobalSection(SolutionConfigurationPlatforms) = preSolution
		Debug|Any CPU = Debug|Any CPU
		Release|Any CPU = Release|Any CPU
	EndGlobalSection
	GlobalSection(ProjectConfigurationPlatforms) = postSolution
		{9CD4FA89-1AE1-4F86-9E9F-A4A9273F428D}.Debug|Any CPU.ActiveCfg = Debug|Any CPU
		{9CD4FA89-1AE1-4F86-9E9F-A4A9273F428D}.Debug|Any CPU.Build.0 = Debug|Any CPU
		{9CD4FA89-1AE1-4F86-9E9F-A4A9273F428D}.Release|Any CPU.ActiveCfg = Release|Any CPU
		{9CD4FA89-1AE1-4F86-9E9F-A4A9273F428D}.Release|Any CPU.Build.0 = Release|Any CPU
		{591F9EB0-FCD0-4CF9-A7D2-92CFA0287E66}.Debug|Any CPU.ActiveCfg = Debug|Any CPU
		{591F9EB0-FCD0-4CF9-A7D2-92CFA0287E66}.Debug|Any CPU.Build.0 = Debug|Any CPU
		{591F9EB0-FCD0-4CF9-A7D2-92CFA0287E66}.Release|Any CPU.ActiveCfg = Release|Any CPU
		{591F9EB0-FCD0-4CF9-A7D2-92CFA0287E66}.Release|Any CPU.Build.0 = Release|Any CPU
		{2DE72889-E639-42D7-95EB-657265289EF2}.Debug|Any CPU.ActiveCfg = Debug|Any CPU
		{2DE72889-E639-42D7-95EB-657265289EF2}.Debug|Any CPU.Build.0 = Debug|Any CPU
		{2DE72889-E639-42D7-95EB-657265289EF2}.Release|Any CPU.ActiveCfg = Release|Any CPU
		{2DE72889-E639-42D7-95EB-657265289EF2}.Release|Any CPU.Build.0 = Release|Any CPU
		{A4338382-62CC-445C-958C-84D9D82FE3C3}.Debug|Any CPU.ActiveCfg = Debug|Any CPU
		{A4338382-62CC-445C-958C-84D9D82FE3C3}.Debug|Any CPU.Build.0 = Debug|Any CPU
		{A4338382-62CC-445C-958C-84D9D82FE3C3}.Release|Any CPU.ActiveCfg = Release|Any CPU
		{A4338382-62CC-445C-958C-84D9D82FE3C3}.Release|Any CPU.Build.0 = Release|Any CPU
		{A6B6368D-DF6B-4572-94D2-0BBA1FEEDFCE}.Debug|Any CPU.ActiveCfg = Debug|Any CPU
		{A6B6368D-DF6B-4572-94D2-0BBA1FEEDFCE}.Debug|Any CPU.Build.0 = Debug|Any CPU
		{A6B6368D-DF6B-4572-94D2-0BBA1FEEDFCE}.Release|Any CPU.ActiveCfg = Release|Any CPU
		{A6B6368D-DF6B-4572-94D2-0BBA1FEEDFCE}.Release|Any CPU.Build.0 = Release|Any CPU
		{BF3033DB-CC6F-4E72-94D9-25A7B63D5C68}.Debug|Any CPU.ActiveCfg = Debug|Any CPU
		{BF3033DB-CC6F-4E72-94D9-25A7B63D5C68}.Debug|Any CPU.Build.0 = Debug|Any CPU
		{BF3033DB-CC6F-4E72-94D9-25A7B63D5C68}.Release|Any CPU.ActiveCfg = Release|Any CPU
		{BF3033DB-CC6F-4E72-94D9-25A7B63D5C68}.Release|Any CPU.Build.0 = Release|Any CPU
		{86275230-F1E3-425C-888A-47C7BA6915D5}.Debug|Any CPU.ActiveCfg = Debug|Any CPU
		{86275230-F1E3-425C-888A-47C7BA6915D5}.Debug|Any CPU.Build.0 = Debug|Any CPU
		{86275230-F1E3-425C-888A-47C7BA6915D5}.Release|Any CPU.ActiveCfg = Release|Any CPU
		{86275230-F1E3-425C-888A-47C7BA6915D5}.Release|Any CPU.Build.0 = Release|Any CPU
		{AF163CD1-9587-42DB-8692-2DAA295E2254}.Debug|Any CPU.ActiveCfg = Debug|Any CPU
		{AF163CD1-9587-42DB-8692-2DAA295E2254}.Debug|Any CPU.Build.0 = Debug|Any CPU
		{AF163CD1-9587-42DB-8692-2DAA295E2254}.Release|Any CPU.ActiveCfg = Release|Any CPU
		{AF163CD1-9587-42DB-8692-2DAA295E2254}.Release|Any CPU.Build.0 = Release|Any CPU
		{7B0178A2-3E10-46C5-9158-005797069EB8}.Debug|Any CPU.ActiveCfg = Debug|Any CPU
		{7B0178A2-3E10-46C5-9158-005797069EB8}.Debug|Any CPU.Build.0 = Debug|Any CPU
		{7B0178A2-3E10-46C5-9158-005797069EB8}.Release|Any CPU.ActiveCfg = Release|Any CPU
		{7B0178A2-3E10-46C5-9158-005797069EB8}.Release|Any CPU.Build.0 = Release|Any CPU
		{FEEE7642-C23D-438E-9010-F8F257E4FC67}.Debug|Any CPU.ActiveCfg = Debug|Any CPU
		{FEEE7642-C23D-438E-9010-F8F257E4FC67}.Debug|Any CPU.Build.0 = Debug|Any CPU
		{FEEE7642-C23D-438E-9010-F8F257E4FC67}.Release|Any CPU.ActiveCfg = Release|Any CPU
		{FEEE7642-C23D-438E-9010-F8F257E4FC67}.Release|Any CPU.Build.0 = Release|Any CPU
		{465164C5-DA3A-4305-8307-1CECD81ADE90}.Debug|Any CPU.ActiveCfg = Debug|Any CPU
		{465164C5-DA3A-4305-8307-1CECD81ADE90}.Debug|Any CPU.Build.0 = Debug|Any CPU
		{465164C5-DA3A-4305-8307-1CECD81ADE90}.Release|Any CPU.ActiveCfg = Release|Any CPU
		{465164C5-DA3A-4305-8307-1CECD81ADE90}.Release|Any CPU.Build.0 = Release|Any CPU
		{FA281EDD-FBD7-4E83-9241-BB543EB42061}.Debug|Any CPU.ActiveCfg = Debug|Any CPU
		{FA281EDD-FBD7-4E83-9241-BB543EB42061}.Debug|Any CPU.Build.0 = Debug|Any CPU
		{FA281EDD-FBD7-4E83-9241-BB543EB42061}.Release|Any CPU.ActiveCfg = Release|Any CPU
		{FA281EDD-FBD7-4E83-9241-BB543EB42061}.Release|Any CPU.Build.0 = Release|Any CPU
		{19EC2C2F-25B1-4792-81C1-CFB30B678C17}.Debug|Any CPU.ActiveCfg = Debug|Any CPU
		{19EC2C2F-25B1-4792-81C1-CFB30B678C17}.Debug|Any CPU.Build.0 = Debug|Any CPU
		{19EC2C2F-25B1-4792-81C1-CFB30B678C17}.Release|Any CPU.ActiveCfg = Release|Any CPU
		{19EC2C2F-25B1-4792-81C1-CFB30B678C17}.Release|Any CPU.Build.0 = Release|Any CPU
		{8540152B-8722-4ACF-9C33-337444646FE3}.Debug|Any CPU.ActiveCfg = Debug|Any CPU
		{8540152B-8722-4ACF-9C33-337444646FE3}.Debug|Any CPU.Build.0 = Debug|Any CPU
		{8540152B-8722-4ACF-9C33-337444646FE3}.Release|Any CPU.ActiveCfg = Release|Any CPU
		{8540152B-8722-4ACF-9C33-337444646FE3}.Release|Any CPU.Build.0 = Release|Any CPU
		{19E5ED49-E281-484C-BE76-3EDA40238719}.Debug|Any CPU.ActiveCfg = Debug|Any CPU
		{19E5ED49-E281-484C-BE76-3EDA40238719}.Debug|Any CPU.Build.0 = Debug|Any CPU
		{19E5ED49-E281-484C-BE76-3EDA40238719}.Release|Any CPU.ActiveCfg = Release|Any CPU
		{19E5ED49-E281-484C-BE76-3EDA40238719}.Release|Any CPU.Build.0 = Release|Any CPU
		{3B42B6F9-B7CF-44BB-B084-005DFA1F4BD6}.Debug|Any CPU.ActiveCfg = Debug|Any CPU
		{3B42B6F9-B7CF-44BB-B084-005DFA1F4BD6}.Debug|Any CPU.Build.0 = Debug|Any CPU
		{3B42B6F9-B7CF-44BB-B084-005DFA1F4BD6}.Release|Any CPU.ActiveCfg = Release|Any CPU
		{3B42B6F9-B7CF-44BB-B084-005DFA1F4BD6}.Release|Any CPU.Build.0 = Release|Any CPU
		{7249F0E2-1A15-4354-8E93-1CA1DD46FE72}.Debug|Any CPU.ActiveCfg = Debug|Any CPU
		{7249F0E2-1A15-4354-8E93-1CA1DD46FE72}.Debug|Any CPU.Build.0 = Debug|Any CPU
		{7249F0E2-1A15-4354-8E93-1CA1DD46FE72}.Release|Any CPU.ActiveCfg = Release|Any CPU
		{7249F0E2-1A15-4354-8E93-1CA1DD46FE72}.Release|Any CPU.Build.0 = Release|Any CPU
		{B91092DB-516D-4738-984F-B12AF14CD3F9}.Debug|Any CPU.ActiveCfg = Debug|Any CPU
		{B91092DB-516D-4738-984F-B12AF14CD3F9}.Debug|Any CPU.Build.0 = Debug|Any CPU
		{B91092DB-516D-4738-984F-B12AF14CD3F9}.Release|Any CPU.ActiveCfg = Release|Any CPU
		{B91092DB-516D-4738-984F-B12AF14CD3F9}.Release|Any CPU.Build.0 = Release|Any CPU
		{070247A7-7396-481B-9028-2D39E14D6491}.Debug|Any CPU.ActiveCfg = Debug|Any CPU
		{070247A7-7396-481B-9028-2D39E14D6491}.Debug|Any CPU.Build.0 = Debug|Any CPU
		{070247A7-7396-481B-9028-2D39E14D6491}.Release|Any CPU.ActiveCfg = Release|Any CPU
		{070247A7-7396-481B-9028-2D39E14D6491}.Release|Any CPU.Build.0 = Release|Any CPU
		{066F6186-725D-4625-8A75-C96F27AE16A5}.Debug|Any CPU.ActiveCfg = Debug|Any CPU
		{066F6186-725D-4625-8A75-C96F27AE16A5}.Debug|Any CPU.Build.0 = Debug|Any CPU
		{066F6186-725D-4625-8A75-C96F27AE16A5}.Release|Any CPU.ActiveCfg = Release|Any CPU
		{066F6186-725D-4625-8A75-C96F27AE16A5}.Release|Any CPU.Build.0 = Release|Any CPU
		{D8FB076B-F9C3-4894-B756-5A35CB2657E4}.Debug|Any CPU.ActiveCfg = Debug|Any CPU
		{D8FB076B-F9C3-4894-B756-5A35CB2657E4}.Debug|Any CPU.Build.0 = Debug|Any CPU
		{D8FB076B-F9C3-4894-B756-5A35CB2657E4}.Release|Any CPU.ActiveCfg = Release|Any CPU
		{D8FB076B-F9C3-4894-B756-5A35CB2657E4}.Release|Any CPU.Build.0 = Release|Any CPU
		{AB16272F-72D7-4BD9-B5CF-9AB80DD33BE9}.Debug|Any CPU.ActiveCfg = Debug|Any CPU
		{AB16272F-72D7-4BD9-B5CF-9AB80DD33BE9}.Debug|Any CPU.Build.0 = Debug|Any CPU
		{AB16272F-72D7-4BD9-B5CF-9AB80DD33BE9}.Release|Any CPU.ActiveCfg = Release|Any CPU
		{AB16272F-72D7-4BD9-B5CF-9AB80DD33BE9}.Release|Any CPU.Build.0 = Release|Any CPU
		{35157828-9C03-4893-B58C-8A83475B29D2}.Debug|Any CPU.ActiveCfg = Debug|Any CPU
		{35157828-9C03-4893-B58C-8A83475B29D2}.Debug|Any CPU.Build.0 = Debug|Any CPU
		{35157828-9C03-4893-B58C-8A83475B29D2}.Release|Any CPU.ActiveCfg = Release|Any CPU
		{35157828-9C03-4893-B58C-8A83475B29D2}.Release|Any CPU.Build.0 = Release|Any CPU
		{DF5749BE-A82D-4F7B-BC0A-288B8CD5EDF8}.Debug|Any CPU.ActiveCfg = Debug|Any CPU
		{DF5749BE-A82D-4F7B-BC0A-288B8CD5EDF8}.Debug|Any CPU.Build.0 = Debug|Any CPU
		{DF5749BE-A82D-4F7B-BC0A-288B8CD5EDF8}.Release|Any CPU.ActiveCfg = Release|Any CPU
		{DF5749BE-A82D-4F7B-BC0A-288B8CD5EDF8}.Release|Any CPU.Build.0 = Release|Any CPU
		{E13A2F7D-D67D-4B8C-9908-3CE26B625F3F}.Debug|Any CPU.ActiveCfg = Debug|Any CPU
		{E13A2F7D-D67D-4B8C-9908-3CE26B625F3F}.Debug|Any CPU.Build.0 = Debug|Any CPU
		{E13A2F7D-D67D-4B8C-9908-3CE26B625F3F}.Release|Any CPU.ActiveCfg = Release|Any CPU
		{E13A2F7D-D67D-4B8C-9908-3CE26B625F3F}.Release|Any CPU.Build.0 = Release|Any CPU
	EndGlobalSection
	GlobalSection(SolutionProperties) = preSolution
		HideSolutionNode = FALSE
	EndGlobalSection
	GlobalSection(NestedProjects) = preSolution
		{9CD4FA89-1AE1-4F86-9E9F-A4A9273F428D} = {02EA681E-C7D8-13C7-8484-4AC65E1B71E8}
		{591F9EB0-FCD0-4CF9-A7D2-92CFA0287E66} = {02EA681E-C7D8-13C7-8484-4AC65E1B71E8}
		{2DE72889-E639-42D7-95EB-657265289EF2} = {02EA681E-C7D8-13C7-8484-4AC65E1B71E8}
		{A4338382-62CC-445C-958C-84D9D82FE3C3} = {F476B831-DF28-42D3-BBCF-02E34C94961C}
		{A6B6368D-DF6B-4572-94D2-0BBA1FEEDFCE} = {F476B831-DF28-42D3-BBCF-02E34C94961C}
		{BF3033DB-CC6F-4E72-94D9-25A7B63D5C68} = {F476B831-DF28-42D3-BBCF-02E34C94961C}
		{86275230-F1E3-425C-888A-47C7BA6915D5} = {539D2979-0DD8-4B22-B5D4-8BFF04F914A5}
		{AF163CD1-9587-42DB-8692-2DAA295E2254} = {539D2979-0DD8-4B22-B5D4-8BFF04F914A5}
		{7B0178A2-3E10-46C5-9158-005797069EB8} = {539D2979-0DD8-4B22-B5D4-8BFF04F914A5}
		{FEEE7642-C23D-438E-9010-F8F257E4FC67} = {86796A8F-7B5A-4A11-8E35-B5ACAE53C7CC}
		{465164C5-DA3A-4305-8307-1CECD81ADE90} = {86796A8F-7B5A-4A11-8E35-B5ACAE53C7CC}
		{FA281EDD-FBD7-4E83-9241-BB543EB42061} = {86796A8F-7B5A-4A11-8E35-B5ACAE53C7CC}
		{8540152B-8722-4ACF-9C33-337444646FE3} = {F1958C2A-609A-4EC2-B71A-8712564D248B}
		{19E5ED49-E281-484C-BE76-3EDA40238719} = {F1958C2A-609A-4EC2-B71A-8712564D248B}
		{3B42B6F9-B7CF-44BB-B084-005DFA1F4BD6} = {F1958C2A-609A-4EC2-B71A-8712564D248B}
		{7249F0E2-1A15-4354-8E93-1CA1DD46FE72} = {C7BC2B9F-09A9-464E-9017-C202A746909B}
		{B91092DB-516D-4738-984F-B12AF14CD3F9} = {C7BC2B9F-09A9-464E-9017-C202A746909B}
		{070247A7-7396-481B-9028-2D39E14D6491} = {C7BC2B9F-09A9-464E-9017-C202A746909B}
		{066F6186-725D-4625-8A75-C96F27AE16A5} = {EDA469D1-A96C-4DDF-884B-7F4C70D0A6FA}
		{D8FB076B-F9C3-4894-B756-5A35CB2657E4} = {EDA469D1-A96C-4DDF-884B-7F4C70D0A6FA}
		{AB16272F-72D7-4BD9-B5CF-9AB80DD33BE9} = {EDA469D1-A96C-4DDF-884B-7F4C70D0A6FA}
		{35157828-9C03-4893-B58C-8A83475B29D2} = {2D1ECA14-1DCC-4B92-8D45-2D1717F8CCB2}
		{DF5749BE-A82D-4F7B-BC0A-288B8CD5EDF8} = {2D1ECA14-1DCC-4B92-8D45-2D1717F8CCB2}
		{E13A2F7D-D67D-4B8C-9908-3CE26B625F3F} = {2D1ECA14-1DCC-4B92-8D45-2D1717F8CCB2}
	EndGlobalSection
	GlobalSection(ExtensibilityGlobals) = postSolution
		SolutionGuid = {088599F4-F9FA-41C0-AA24-4568068FFEC8}
	EndGlobalSection
EndGlobal
